Microsoft Visual Studio Solution File, Format Version 12.00
# Visual Studio Version 17
VisualStudioVersion = 17.5.2.0
MinimumVisualStudioVersion = 10.0.40219.1
Project("{FAE04EC0-301F-11D3-BF4B-00C04F79EFBC}") = "PsikologProje_Void", "PsikologProje_Void.csproj", "{5113C246-E0CF-7613-BE44-9D37F3B57E05}"
EndProject
Global
	GlobalSection(SolutionConfigurationPlatforms) = preSolution
		Debug|Any CPU = Debug|Any CPU
		Release|Any CPU = Release|Any CPU
	EndGlobalSection
	GlobalSection(ProjectConfigurationPlatforms) = postSolution
		{5113C246-E0CF-7613-BE44-9D37F3B57E05}.Debug|Any CPU.ActiveCfg = Debug|Any CPU
		{5113C246-E0CF-7613-BE44-9D37F3B57E05}.Debug|Any CPU.Build.0 = Debug|Any CPU
		{5113C246-E0CF-7613-BE44-9D37F3B57E05}.Release|Any CPU.ActiveCfg = Release|Any CPU
		{5113C246-E0CF-7613-BE44-9D37F3B57E05}.Release|Any CPU.Build.0 = Release|Any CPU
	EndGlobalSection
	GlobalSection(SolutionProperties) = preSolution
		HideSolutionNode = FALSE
	EndGlobalSection
	GlobalSection(ExtensibilityGlobals) = postSolution
		SolutionGuid = {BAAFDA85-905E-4FCE-8924-5A08CB5C172A}
	EndGlobalSection
EndGlobal
